{
  "originHash" : "1a8970c705aa81f0a3f80bb957a6af1f35eca6bb32825b362775c456c3c6f10c",
  "pins" : [
    {
      "identity" : "swifttui",
      "kind" : "remoteSourceControl",
      "location" : "https://github.com/rensbreur/SwiftTUI",
      "state" : {
        "revision" : "75ae35af4115f87601657957e3332fc9eb5829d5",
        "version" : "0.1.0"
      }
    }
  ],
  "version" : 3
}
